
Microsoft Visual Studio Solution File, Format Version 12.00
# Visual Studio Version 17
VisualStudioVersion = 17.11.35312.102
MinimumVisualStudioVersion = 10.0.40219.1
Project("{2150E333-8FDC-42A3-9474-1A3956D46DE8}") = "Task0", "Task0", "{4DC47D8E-F430-420B-ADA5-430F1F66A762}"
EndProject
Project("{FAE04EC0-301F-11D3-BF4B-00C04F79EFBC}") = "Tyuiu.MolchankinaAS.Sprint5.Task0.V9", "Tyuiu.MolchankinaAS.Sprint5.Task0.V9\Tyuiu.MolchankinaAS.Sprint5.Task0.V9.csproj", "{C254E138-F7FA-4D50-B87E-80F6FF4CD6EC}"
EndProject
Project("{FAE04EC0-301F-11D3-BF4B-00C04F79EFBC}") = "Tyuiu.MolchankinaAS.Sprint5.Task0.V9.Lib", "Tyuiu.MolchankinaAS.Sprint5.Task0.V9.Lib\Tyuiu.MolchankinaAS.Sprint5.Task0.V9.Lib.csproj", "{13540A22-851D-4D47-9722-069A008B4B0B}"
EndProject
Project("{FAE04EC0-301F-11D3-BF4B-00C04F79EFBC}") = "Tyuiu.MolchankinaAS.Sprint5.Task0.V9.Test", "Tyuiu.MolchankinaAS.Sprint5.Task0.V9.Test\Tyuiu.MolchankinaAS.Sprint5.Task0.V9.Test.csproj", "{CDEBB199-C6EF-45FF-B02E-0D159A5812E3}"
EndProject
Global
	GlobalSection(SolutionConfigurationPlatforms) = preSolution
		Debug|Any CPU = Debug|Any CPU
		Release|Any CPU = Release|Any CPU
	EndGlobalSection
	GlobalSection(ProjectConfigurationPlatforms) = postSolution
		{C254E138-F7FA-4D50-B87E-80F6FF4CD6EC}.Debug|Any CPU.ActiveCfg = Debug|Any CPU
		{C254E138-F7FA-4D50-B87E-80F6FF4CD6EC}.Debug|Any CPU.Build.0 = Debug|Any CPU
		{C254E138-F7FA-4D50-B87E-80F6FF4CD6EC}.Release|Any CPU.ActiveCfg = Release|Any CPU
		{C254E138-F7FA-4D50-B87E-80F6FF4CD6EC}.Release|Any CPU.Build.0 = Release|Any CPU
		{13540A22-851D-4D47-9722-069A008B4B0B}.Debug|Any CPU.ActiveCfg = Debug|Any CPU
		{13540A22-851D-4D47-9722-069A008B4B0B}.Debug|Any CPU.Build.0 = Debug|Any CPU
		{13540A22-851D-4D47-9722-069A008B4B0B}.Release|Any CPU.ActiveCfg = Release|Any CPU
		{13540A22-851D-4D47-9722-069A008B4B0B}.Release|Any CPU.Build.0 = Release|Any CPU
		{CDEBB199-C6EF-45FF-B02E-0D159A5812E3}.Debug|Any CPU.ActiveCfg = Debug|Any CPU
		{CDEBB199-C6EF-45FF-B02E-0D159A5812E3}.Debug|Any CPU.Build.0 = Debug|Any CPU
		{CDEBB199-C6EF-45FF-B02E-0D159A5812E3}.Release|Any CPU.ActiveCfg = Release|Any CPU
		{CDEBB199-C6EF-45FF-B02E-0D159A5812E3}.Release|Any CPU.Build.0 = Release|Any CPU
	EndGlobalSection
	GlobalSection(SolutionProperties) = preSolution
		HideSolutionNode = FALSE
	EndGlobalSection
	GlobalSection(NestedProjects) = preSolution
		{C254E138-F7FA-4D50-B87E-80F6FF4CD6EC} = {4DC47D8E-F430-420B-ADA5-430F1F66A762}
		{13540A22-851D-4D47-9722-069A008B4B0B} = {4DC47D8E-F430-420B-ADA5-430F1F66A762}
		{CDEBB199-C6EF-45FF-B02E-0D159A5812E3} = {4DC47D8E-F430-420B-ADA5-430F1F66A762}
	EndGlobalSection
	GlobalSection(ExtensibilityGlobals) = postSolution
		SolutionGuid = {5B1590E8-FBBE-43AC-899F-28A7CA012EA9}
	EndGlobalSection
EndGlobal
