
Microsoft Visual Studio Solution File, Format Version 12.00
# Visual Studio Version 17
VisualStudioVersion = 17.11.35312.102
MinimumVisualStudioVersion = 10.0.40219.1
Project("{2150E333-8FDC-42A3-9474-1A3956D46DE8}") = "Task0", "Task0", "{4DC47D8E-F430-420B-ADA5-430F1F66A762}"
EndProject
Project("{FAE04EC0-301F-11D3-BF4B-00C04F79EFBC}") = "Tyuiu.MolchankinaAS.Sprint5.Task0.V9", "Tyuiu.MolchankinaAS.Sprint5.Task0.V9\Tyuiu.MolchankinaAS.Sprint5.Task0.V9.csproj", "{C254E138-F7FA-4D50-B87E-80F6FF4CD6EC}"
EndProject
Project("{FAE04EC0-301F-11D3-BF4B-00C04F79EFBC}") = "Tyuiu.MolchankinaAS.Sprint5.Task0.V9.Lib", "Tyuiu.MolchankinaAS.Sprint5.Task0.V9.Lib\Tyuiu.MolchankinaAS.Sprint5.Task0.V9.Lib.csproj", "{13540A22-851D-4D47-9722-069A008B4B0B}"
EndProject
Project("{FAE04EC0-301F-11D3-BF4B-00C04F79EFBC}") = "Tyuiu.MolchankinaAS.Sprint5.Task0.V9.Test", "Tyuiu.MolchankinaAS.Sprint5.Task0.V9.Test\Tyuiu.MolchankinaAS.Sprint5.Task0.V9.Test.csproj", "{CDEBB199-C6EF-45FF-B02E-0D159A5812E3}"
EndProject
Project("{2150E333-8FDC-42A3-9474-1A3956D46DE8}") = "Task1", "Task1", "{1D4C44AD-65E4-4890-B032-9440654BB91C}"
EndProject
Project("{FAE04EC0-301F-11D3-BF4B-00C04F79EFBC}") = "Tyuiu.MolchankinaAS.Sprint5.Task1.V25", "Tyuiu.MolchankinaAS.Sprint5.Task1.V25\Tyuiu.MolchankinaAS.Sprint5.Task1.V25.csproj", "{E54B0DDC-E3AC-4C1A-81BA-CB29B1142D01}"
EndProject
Project("{FAE04EC0-301F-11D3-BF4B-00C04F79EFBC}") = "Tyuiu.MolchankinaAS.Sprint5.Task1.V25.Lib", "Tyuiu.MolchankinaAS.Sprint5.Task1.V25.Lib\Tyuiu.MolchankinaAS.Sprint5.Task1.V25.Lib.csproj", "{D1F382A5-15E2-453C-82A6-3CE58C905E64}"
EndProject
Project("{FAE04EC0-301F-11D3-BF4B-00C04F79EFBC}") = "Tyuiu.MolchankinaAS.Sprint5.Task1.V25.Test", "Tyuiu.MolchankinaAS.Sprint5.Task1.V25.Test\Tyuiu.MolchankinaAS.Sprint5.Task1.V25.Test.csproj", "{B005A2B3-682C-444A-9AC5-F2C3C366E798}"
EndProject
Project("{2150E333-8FDC-42A3-9474-1A3956D46DE8}") = "Task2", "Task2", "{D4A5F781-A6F4-4EAB-9AAB-01072C4D7240}"
EndProject
Project("{FAE04EC0-301F-11D3-BF4B-00C04F79EFBC}") = "Tyuiu.MolchankinaAS.Sprint5.Task2.V19", "Tyuiu.MolchankinaAS.Sprint5.Task2.V19\Tyuiu.MolchankinaAS.Sprint5.Task2.V19.csproj", "{7F2836AF-AC1B-4F98-88A7-11A62E0FA95C}"
EndProject
Project("{FAE04EC0-301F-11D3-BF4B-00C04F79EFBC}") = "Tyuiu.MolchankinaAS.Sprint5.Task2.V19.Lib", "Tyuiu.MolchankinaAS.Sprint5Task2.V19.Lib\Tyuiu.MolchankinaAS.Sprint5.Task2.V19.Lib.csproj", "{E1BD5B6A-B85F-4E8A-96AE-FC9EBF866EDB}"
EndProject
Project("{FAE04EC0-301F-11D3-BF4B-00C04F79EFBC}") = "Tyuiu.MolchankinaAS.Sprint5.Task2.V19.Test", "Tyuiu.MolchankinaAS.Sprint5Task2.V19.Test\Tyuiu.MolchankinaAS.Sprint5.Task2.V19.Test.csproj", "{BF7CE950-EBE1-4520-8FE7-7E1A1D6489DB}"
EndProject
Project("{2150E333-8FDC-42A3-9474-1A3956D46DE8}") = "Task3", "Task3", "{63C72D11-26CC-462F-B092-43F67F696DE6}"
EndProject
Project("{FAE04EC0-301F-11D3-BF4B-00C04F79EFBC}") = "Tyuiu.MolchankinaAS.Sprint5.Task3.V21", "Tyuiu.MolchankinaAS.Sprint5.Task3.V21\Tyuiu.MolchankinaAS.Sprint5.Task3.V21.csproj", "{03A51AF8-C15B-40E0-AB17-85B81746C0D2}"
EndProject
Project("{FAE04EC0-301F-11D3-BF4B-00C04F79EFBC}") = "Tyuiu.MolchankinaAS.Sprint5.Task3.V21.Lib", "Tyuiu.MolchankinaAS.Sprint5.Task3.V21.Lib\Tyuiu.MolchankinaAS.Sprint5.Task3.V21.Lib.csproj", "{11A57B94-57ED-4406-9B96-17DEAD83BC28}"
EndProject
Project("{FAE04EC0-301F-11D3-BF4B-00C04F79EFBC}") = "Tyuiu.MolchankinaAS.Sprint5.Task3.V21.Test", "Tyuiu.MolchankinaAS.Sprint5.Task3.V21.Test\Tyuiu.MolchankinaAS.Sprint5.Task3.V21.Test.csproj", "{280CF186-9A3A-41BB-902A-3CB7E9E02032}"
EndProject
Project("{2150E333-8FDC-42A3-9474-1A3956D46DE8}") = "Task4", "Task4", "{AB4D3F62-19BC-4817-A533-6C355AC79BB4}"
EndProject
Project("{FAE04EC0-301F-11D3-BF4B-00C04F79EFBC}") = "Tyuiu.MolchankinaAS.Sprint5.Task4.V26", "Tyuiu.MolchankinaAS.Sprint5.Task4.V26\Tyuiu.MolchankinaAS.Sprint5.Task4.V26.csproj", "{F3C81C03-509F-436D-9D18-9643B9C95B6E}"
EndProject
Project("{FAE04EC0-301F-11D3-BF4B-00C04F79EFBC}") = "Tyuiu.MolchankinaAS.Sprint5.Task4.V26.Lib", "Tyuiu.MolchankinaAS.Sprint5.Task4.V26.Lib\Tyuiu.MolchankinaAS.Sprint5.Task4.V26.Lib.csproj", "{C24973E1-8174-4ADE-8920-011707861639}"
EndProject
Project("{FAE04EC0-301F-11D3-BF4B-00C04F79EFBC}") = "Tyuiu.MolchankinaAS.Sprint5.Task4.V26.Test", "Tyuiu.MolchankinaAS.Sprint5.Task4.V26.Test\Tyuiu.MolchankinaAS.Sprint5.Task4.V26.Test.csproj", "{AA0A5F11-11E8-43F0-8252-5DC8E2CA0CA7}"
EndProject
Project("{2150E333-8FDC-42A3-9474-1A3956D46DE8}") = "Task5", "Task5", "{2224EB53-122D-4780-995B-727309453D85}"
EndProject
Project("{FAE04EC0-301F-11D3-BF4B-00C04F79EFBC}") = "Tyuiu.MolchankinaAS.Sprint5.Task5.V21", "Tyuiu.MolchankinaAS.Sprint5.Task5.V21\Tyuiu.MolchankinaAS.Sprint5.Task5.V21.csproj", "{5457FA8C-BB28-46D3-A4DB-2030A7192047}"
EndProject
Project("{FAE04EC0-301F-11D3-BF4B-00C04F79EFBC}") = "Tyuiu.MolchankinaAS.Sprint5.Task5.V21.Lib", "Tyuiu.MolchankinaAS.Sprint5.Task5.V21.Lib\Tyuiu.MolchankinaAS.Sprint5.Task5.V21.Lib.csproj", "{6E31BAA4-D95C-4813-9901-782829736840}"
EndProject
Project("{FAE04EC0-301F-11D3-BF4B-00C04F79EFBC}") = "Tyuiu.MolchankinaAS.Sprint5.Task5.V21.Test", "Tyuiu.MolchankinaAS.Sprint5.Task5.V21.Test\Tyuiu.MolchankinaAS.Sprint5.Task5.V21.Test.csproj", "{8120414F-D12F-46FF-82DE-017BAB35C163}"
EndProject
Global
	GlobalSection(SolutionConfigurationPlatforms) = preSolution
		Debug|Any CPU = Debug|Any CPU
		Release|Any CPU = Release|Any CPU
	EndGlobalSection
	GlobalSection(ProjectConfigurationPlatforms) = postSolution
		{C254E138-F7FA-4D50-B87E-80F6FF4CD6EC}.Debug|Any CPU.ActiveCfg = Debug|Any CPU
		{C254E138-F7FA-4D50-B87E-80F6FF4CD6EC}.Debug|Any CPU.Build.0 = Debug|Any CPU
		{C254E138-F7FA-4D50-B87E-80F6FF4CD6EC}.Release|Any CPU.ActiveCfg = Release|Any CPU
		{C254E138-F7FA-4D50-B87E-80F6FF4CD6EC}.Release|Any CPU.Build.0 = Release|Any CPU
		{13540A22-851D-4D47-9722-069A008B4B0B}.Debug|Any CPU.ActiveCfg = Debug|Any CPU
		{13540A22-851D-4D47-9722-069A008B4B0B}.Debug|Any CPU.Build.0 = Debug|Any CPU
		{13540A22-851D-4D47-9722-069A008B4B0B}.Release|Any CPU.ActiveCfg = Release|Any CPU
		{13540A22-851D-4D47-9722-069A008B4B0B}.Release|Any CPU.Build.0 = Release|Any CPU
		{CDEBB199-C6EF-45FF-B02E-0D159A5812E3}.Debug|Any CPU.ActiveCfg = Debug|Any CPU
		{CDEBB199-C6EF-45FF-B02E-0D159A5812E3}.Debug|Any CPU.Build.0 = Debug|Any CPU
		{CDEBB199-C6EF-45FF-B02E-0D159A5812E3}.Release|Any CPU.ActiveCfg = Release|Any CPU
		{CDEBB199-C6EF-45FF-B02E-0D159A5812E3}.Release|Any CPU.Build.0 = Release|Any CPU
		{E54B0DDC-E3AC-4C1A-81BA-CB29B1142D01}.Debug|Any CPU.ActiveCfg = Debug|Any CPU
		{E54B0DDC-E3AC-4C1A-81BA-CB29B1142D01}.Debug|Any CPU.Build.0 = Debug|Any CPU
		{E54B0DDC-E3AC-4C1A-81BA-CB29B1142D01}.Release|Any CPU.ActiveCfg = Release|Any CPU
		{E54B0DDC-E3AC-4C1A-81BA-CB29B1142D01}.Release|Any CPU.Build.0 = Release|Any CPU
		{D1F382A5-15E2-453C-82A6-3CE58C905E64}.Debug|Any CPU.ActiveCfg = Debug|Any CPU
		{D1F382A5-15E2-453C-82A6-3CE58C905E64}.Debug|Any CPU.Build.0 = Debug|Any CPU
		{D1F382A5-15E2-453C-82A6-3CE58C905E64}.Release|Any CPU.ActiveCfg = Release|Any CPU
		{D1F382A5-15E2-453C-82A6-3CE58C905E64}.Release|Any CPU.Build.0 = Release|Any CPU
		{B005A2B3-682C-444A-9AC5-F2C3C366E798}.Debug|Any CPU.ActiveCfg = Debug|Any CPU
		{B005A2B3-682C-444A-9AC5-F2C3C366E798}.Debug|Any CPU.Build.0 = Debug|Any CPU
		{B005A2B3-682C-444A-9AC5-F2C3C366E798}.Release|Any CPU.ActiveCfg = Release|Any CPU
		{B005A2B3-682C-444A-9AC5-F2C3C366E798}.Release|Any CPU.Build.0 = Release|Any CPU
		{7F2836AF-AC1B-4F98-88A7-11A62E0FA95C}.Debug|Any CPU.ActiveCfg = Debug|Any CPU
		{7F2836AF-AC1B-4F98-88A7-11A62E0FA95C}.Debug|Any CPU.Build.0 = Debug|Any CPU
		{7F2836AF-AC1B-4F98-88A7-11A62E0FA95C}.Release|Any CPU.ActiveCfg = Release|Any CPU
		{7F2836AF-AC1B-4F98-88A7-11A62E0FA95C}.Release|Any CPU.Build.0 = Release|Any CPU
		{E1BD5B6A-B85F-4E8A-96AE-FC9EBF866EDB}.Debug|Any CPU.ActiveCfg = Debug|Any CPU
		{E1BD5B6A-B85F-4E8A-96AE-FC9EBF866EDB}.Debug|Any CPU.Build.0 = Debug|Any CPU
		{E1BD5B6A-B85F-4E8A-96AE-FC9EBF866EDB}.Release|Any CPU.ActiveCfg = Release|Any CPU
		{E1BD5B6A-B85F-4E8A-96AE-FC9EBF866EDB}.Release|Any CPU.Build.0 = Release|Any CPU
		{BF7CE950-EBE1-4520-8FE7-7E1A1D6489DB}.Debug|Any CPU.ActiveCfg = Debug|Any CPU
		{BF7CE950-EBE1-4520-8FE7-7E1A1D6489DB}.Debug|Any CPU.Build.0 = Debug|Any CPU
		{BF7CE950-EBE1-4520-8FE7-7E1A1D6489DB}.Release|Any CPU.ActiveCfg = Release|Any CPU
		{BF7CE950-EBE1-4520-8FE7-7E1A1D6489DB}.Release|Any CPU.Build.0 = Release|Any CPU
		{03A51AF8-C15B-40E0-AB17-85B81746C0D2}.Debug|Any CPU.ActiveCfg = Debug|Any CPU
		{03A51AF8-C15B-40E0-AB17-85B81746C0D2}.Debug|Any CPU.Build.0 = Debug|Any CPU
		{03A51AF8-C15B-40E0-AB17-85B81746C0D2}.Release|Any CPU.ActiveCfg = Release|Any CPU
		{03A51AF8-C15B-40E0-AB17-85B81746C0D2}.Release|Any CPU.Build.0 = Release|Any CPU
		{11A57B94-57ED-4406-9B96-17DEAD83BC28}.Debug|Any CPU.ActiveCfg = Debug|Any CPU
		{11A57B94-57ED-4406-9B96-17DEAD83BC28}.Debug|Any CPU.Build.0 = Debug|Any CPU
		{11A57B94-57ED-4406-9B96-17DEAD83BC28}.Release|Any CPU.ActiveCfg = Release|Any CPU
		{11A57B94-57ED-4406-9B96-17DEAD83BC28}.Release|Any CPU.Build.0 = Release|Any CPU
		{280CF186-9A3A-41BB-902A-3CB7E9E02032}.Debug|Any CPU.ActiveCfg = Debug|Any CPU
		{280CF186-9A3A-41BB-902A-3CB7E9E02032}.Debug|Any CPU.Build.0 = Debug|Any CPU
		{280CF186-9A3A-41BB-902A-3CB7E9E02032}.Release|Any CPU.ActiveCfg = Release|Any CPU
		{280CF186-9A3A-41BB-902A-3CB7E9E02032}.Release|Any CPU.Build.0 = Release|Any CPU
		{F3C81C03-509F-436D-9D18-9643B9C95B6E}.Debug|Any CPU.ActiveCfg = Debug|Any CPU
		{F3C81C03-509F-436D-9D18-9643B9C95B6E}.Debug|Any CPU.Build.0 = Debug|Any CPU
		{F3C81C03-509F-436D-9D18-9643B9C95B6E}.Release|Any CPU.ActiveCfg = Release|Any CPU
		{F3C81C03-509F-436D-9D18-9643B9C95B6E}.Release|Any CPU.Build.0 = Release|Any CPU
		{C24973E1-8174-4ADE-8920-011707861639}.Debug|Any CPU.ActiveCfg = Debug|Any CPU
		{C24973E1-8174-4ADE-8920-011707861639}.Debug|Any CPU.Build.0 = Debug|Any CPU
		{C24973E1-8174-4ADE-8920-011707861639}.Release|Any CPU.ActiveCfg = Release|Any CPU
		{C24973E1-8174-4ADE-8920-011707861639}.Release|Any CPU.Build.0 = Release|Any CPU
		{AA0A5F11-11E8-43F0-8252-5DC8E2CA0CA7}.Debug|Any CPU.ActiveCfg = Debug|Any CPU
		{AA0A5F11-11E8-43F0-8252-5DC8E2CA0CA7}.Debug|Any CPU.Build.0 = Debug|Any CPU
		{AA0A5F11-11E8-43F0-8252-5DC8E2CA0CA7}.Release|Any CPU.ActiveCfg = Release|Any CPU
		{AA0A5F11-11E8-43F0-8252-5DC8E2CA0CA7}.Release|Any CPU.Build.0 = Release|Any CPU
		{5457FA8C-BB28-46D3-A4DB-2030A7192047}.Debug|Any CPU.ActiveCfg = Debug|Any CPU
		{5457FA8C-BB28-46D3-A4DB-2030A7192047}.Debug|Any CPU.Build.0 = Debug|Any CPU
		{5457FA8C-BB28-46D3-A4DB-2030A7192047}.Release|Any CPU.ActiveCfg = Release|Any CPU
		{5457FA8C-BB28-46D3-A4DB-2030A7192047}.Release|Any CPU.Build.0 = Release|Any CPU
		{6E31BAA4-D95C-4813-9901-782829736840}.Debug|Any CPU.ActiveCfg = Debug|Any CPU
		{6E31BAA4-D95C-4813-9901-782829736840}.Debug|Any CPU.Build.0 = Debug|Any CPU
		{6E31BAA4-D95C-4813-9901-782829736840}.Release|Any CPU.ActiveCfg = Release|Any CPU
		{6E31BAA4-D95C-4813-9901-782829736840}.Release|Any CPU.Build.0 = Release|Any CPU
		{8120414F-D12F-46FF-82DE-017BAB35C163}.Debug|Any CPU.ActiveCfg = Debug|Any CPU
		{8120414F-D12F-46FF-82DE-017BAB35C163}.Debug|Any CPU.Build.0 = Debug|Any CPU
		{8120414F-D12F-46FF-82DE-017BAB35C163}.Release|Any CPU.ActiveCfg = Release|Any CPU
		{8120414F-D12F-46FF-82DE-017BAB35C163}.Release|Any CPU.Build.0 = Release|Any CPU
	EndGlobalSection
	GlobalSection(SolutionProperties) = preSolution
		HideSolutionNode = FALSE
	EndGlobalSection
	GlobalSection(NestedProjects) = preSolution
		{C254E138-F7FA-4D50-B87E-80F6FF4CD6EC} = {4DC47D8E-F430-420B-ADA5-430F1F66A762}
		{13540A22-851D-4D47-9722-069A008B4B0B} = {4DC47D8E-F430-420B-ADA5-430F1F66A762}
		{CDEBB199-C6EF-45FF-B02E-0D159A5812E3} = {4DC47D8E-F430-420B-ADA5-430F1F66A762}
		{E54B0DDC-E3AC-4C1A-81BA-CB29B1142D01} = {1D4C44AD-65E4-4890-B032-9440654BB91C}
		{D1F382A5-15E2-453C-82A6-3CE58C905E64} = {1D4C44AD-65E4-4890-B032-9440654BB91C}
		{B005A2B3-682C-444A-9AC5-F2C3C366E798} = {1D4C44AD-65E4-4890-B032-9440654BB91C}
		{7F2836AF-AC1B-4F98-88A7-11A62E0FA95C} = {D4A5F781-A6F4-4EAB-9AAB-01072C4D7240}
		{E1BD5B6A-B85F-4E8A-96AE-FC9EBF866EDB} = {D4A5F781-A6F4-4EAB-9AAB-01072C4D7240}
		{BF7CE950-EBE1-4520-8FE7-7E1A1D6489DB} = {D4A5F781-A6F4-4EAB-9AAB-01072C4D7240}
		{03A51AF8-C15B-40E0-AB17-85B81746C0D2} = {63C72D11-26CC-462F-B092-43F67F696DE6}
		{11A57B94-57ED-4406-9B96-17DEAD83BC28} = {63C72D11-26CC-462F-B092-43F67F696DE6}
		{280CF186-9A3A-41BB-902A-3CB7E9E02032} = {63C72D11-26CC-462F-B092-43F67F696DE6}
		{F3C81C03-509F-436D-9D18-9643B9C95B6E} = {AB4D3F62-19BC-4817-A533-6C355AC79BB4}
		{C24973E1-8174-4ADE-8920-011707861639} = {AB4D3F62-19BC-4817-A533-6C355AC79BB4}
		{AA0A5F11-11E8-43F0-8252-5DC8E2CA0CA7} = {AB4D3F62-19BC-4817-A533-6C355AC79BB4}
		{5457FA8C-BB28-46D3-A4DB-2030A7192047} = {2224EB53-122D-4780-995B-727309453D85}
		{6E31BAA4-D95C-4813-9901-782829736840} = {2224EB53-122D-4780-995B-727309453D85}
		{8120414F-D12F-46FF-82DE-017BAB35C163} = {2224EB53-122D-4780-995B-727309453D85}
	EndGlobalSection
	GlobalSection(ExtensibilityGlobals) = postSolution
		SolutionGuid = {5B1590E8-FBBE-43AC-899F-28A7CA012EA9}
	EndGlobalSection
EndGlobal
